
Microsoft Visual Studio Solution File, Format Version 12.00
# Visual Studio Version 16
VisualStudioVersion = 16.0.31911.196
MinimumVisualStudioVersion = 10.0.40219.1
Project("{9A19103F-16F7-4668-BE54-9A1E7A4F7556}") = "API", "API\API.csproj", "{562FDE06-9806-4BAD-9ED1-AE3185D5254F}"
EndProject
Project("{2150E333-8FDC-42A3-9474-1A3956D46DE8}") = "src", "src", "{03717B7B-40DA-476C-8FA7-25FDA9961835}"
EndProject
Project("{2150E333-8FDC-42A3-9474-1A3956D46DE8}") = "tests", "tests", "{08873659-ACC4-4CF6-A7EE-70149E7A0AA9}"
EndProject
Project("{FAE04EC0-301F-11D3-BF4B-00C04F79EFBC}") = "Domain", "Domain\Domain.csproj", "{874C9A1A-0FD8-4621-B382-C911597F9D71}"
EndProject
Project("{FAE04EC0-301F-11D3-BF4B-00C04F79EFBC}") = "ConsoleApp", "ConsoleApp\ConsoleApp.csproj", "{0D8FCC04-3ECB-4EB5-B4DD-2A329DCEE770}"
EndProject
Project("{FAE04EC0-301F-11D3-BF4B-00C04F79EFBC}") = "WpfApp", "WpfApp\WpfApp.csproj", "{FC105BD6-36AC-4EC1-930F-CD8D6BD2D69B}"
EndProject
Global
	GlobalSection(SolutionConfigurationPlatforms) = preSolution
		Debug|Any CPU = Debug|Any CPU
		Release|Any CPU = Release|Any CPU
	EndGlobalSection
	GlobalSection(ProjectConfigurationPlatforms) = postSolution
		{562FDE06-9806-4BAD-9ED1-AE3185D5254F}.Debug|Any CPU.ActiveCfg = Debug|Any CPU
		{562FDE06-9806-4BAD-9ED1-AE3185D5254F}.Debug|Any CPU.Build.0 = Debug|Any CPU
		{562FDE06-9806-4BAD-9ED1-AE3185D5254F}.Release|Any CPU.ActiveCfg = Release|Any CPU
		{562FDE06-9806-4BAD-9ED1-AE3185D5254F}.Release|Any CPU.Build.0 = Release|Any CPU
		{874C9A1A-0FD8-4621-B382-C911597F9D71}.Debug|Any CPU.ActiveCfg = Debug|Any CPU
		{874C9A1A-0FD8-4621-B382-C911597F9D71}.Debug|Any CPU.Build.0 = Debug|Any CPU
		{874C9A1A-0FD8-4621-B382-C911597F9D71}.Release|Any CPU.ActiveCfg = Release|Any CPU
		{874C9A1A-0FD8-4621-B382-C911597F9D71}.Release|Any CPU.Build.0 = Release|Any CPU
		{0D8FCC04-3ECB-4EB5-B4DD-2A329DCEE770}.Debug|Any CPU.ActiveCfg = Debug|Any CPU
		{0D8FCC04-3ECB-4EB5-B4DD-2A329DCEE770}.Debug|Any CPU.Build.0 = Debug|Any CPU
		{0D8FCC04-3ECB-4EB5-B4DD-2A329DCEE770}.Release|Any CPU.ActiveCfg = Release|Any CPU
		{0D8FCC04-3ECB-4EB5-B4DD-2A329DCEE770}.Release|Any CPU.Build.0 = Release|Any CPU
		{FC105BD6-36AC-4EC1-930F-CD8D6BD2D69B}.Debug|Any CPU.ActiveCfg = Debug|Any CPU
		{FC105BD6-36AC-4EC1-930F-CD8D6BD2D69B}.Debug|Any CPU.Build.0 = Debug|Any CPU
		{FC105BD6-36AC-4EC1-930F-CD8D6BD2D69B}.Release|Any CPU.ActiveCfg = Release|Any CPU
		{FC105BD6-36AC-4EC1-930F-CD8D6BD2D69B}.Release|Any CPU.Build.0 = Release|Any CPU
	EndGlobalSection
	GlobalSection(SolutionProperties) = preSolution
		HideSolutionNode = FALSE
	EndGlobalSection
	GlobalSection(NestedProjects) = preSolution
		{562FDE06-9806-4BAD-9ED1-AE3185D5254F} = {03717B7B-40DA-476C-8FA7-25FDA9961835}
		{874C9A1A-0FD8-4621-B382-C911597F9D71} = {03717B7B-40DA-476C-8FA7-25FDA9961835}
		{0D8FCC04-3ECB-4EB5-B4DD-2A329DCEE770} = {08873659-ACC4-4CF6-A7EE-70149E7A0AA9}
		{FC105BD6-36AC-4EC1-930F-CD8D6BD2D69B} = {08873659-ACC4-4CF6-A7EE-70149E7A0AA9}
	EndGlobalSection
	GlobalSection(ExtensibilityGlobals) = postSolution
		SolutionGuid = {B607C2F1-4286-4E5F-9A76-4612B37DE74D}
	EndGlobalSection
EndGlobal
